// !$*UTF8*$!
{
	archiveVersion = 1;
	classes = {
	};
	objectVersion = 56;
	objects = {

/* Begin PBXBuildFile section */
		A28AF97C2B28D8AC004F0225 /* Core.storyboard in Resources */ = {isa = PBXBuildFile; fileRef = A28AF97B2B28D8AC004F0225 /* Core.storyboard */; };
		A2CB3EAE2B191BF3007478ED /* AppDelegate.swift in Sources */ = {isa = PBXBuildFile; fileRef = A2CB3EAD2B191BF3007478ED /* AppDelegate.swift */; };
		A2CB3EB02B191BF3007478ED /* SceneDelegate.swift in Sources */ = {isa = PBXBuildFile; fileRef = A2CB3EAF2B191BF3007478ED /* SceneDelegate.swift */; };
		A2CB3EB22B191BF3007478ED /* MainViewController.swift in Sources */ = {isa = PBXBuildFile; fileRef = A2CB3EB12B191BF3007478ED /* MainViewController.swift */; };
		A2CB3EB72B191BF4007478ED /* Assets.xcassets in Resources */ = {isa = PBXBuildFile; fileRef = A2CB3EB62B191BF4007478ED /* Assets.xcassets */; };
		A2CB3EBA2B191BF4007478ED /* LaunchScreen.storyboard in Resources */ = {isa = PBXBuildFile; fileRef = A2CB3EB82B191BF4007478ED /* LaunchScreen.storyboard */; };
		A2CB3EC52B1923B4007478ED /* LoginViewController.swift in Sources */ = {isa = PBXBuildFile; fileRef = A2CB3EC42B1923B4007478ED /* LoginViewController.swift */; };
		A2CB3EC82B19257E007478ED /* Button.swift in Sources */ = {isa = PBXBuildFile; fileRef = A2CB3EC72B19257E007478ED /* Button.swift */; };
		A2CB3ECA2B192BD5007478ED /* LogoutViewController.swift in Sources */ = {isa = PBXBuildFile; fileRef = A2CB3EC92B192BD5007478ED /* LogoutViewController.swift */; };
		A2CB3ECC2B19AED6007478ED /* MiddleViewController.swift in Sources */ = {isa = PBXBuildFile; fileRef = A2CB3ECB2B19AED6007478ED /* MiddleViewController.swift */; };
		A2CB3ECE2B19AF08007478ED /* LastViewController.swift in Sources */ = {isa = PBXBuildFile; fileRef = A2CB3ECD2B19AF08007478ED /* LastViewController.swift */; };
		A2CB3EDD2B1A486B007478ED /* DismissViewController.swift in Sources */ = {isa = PBXBuildFile; fileRef = A2CB3EDC2B1A486B007478ED /* DismissViewController.swift */; };
		A2CB3EE02B1A5DB0007478ED /* Constants.swift in Sources */ = {isa = PBXBuildFile; fileRef = A2CB3EDF2B1A5DB0007478ED /* Constants.swift */; };
		A2CB3EE32B1A668F007478ED /* Main.storyboard in Resources */ = {isa = PBXBuildFile; fileRef = A2CB3EE22B1A668F007478ED /* Main.storyboard */; };
		A2CB3EE82B1BB80D007478ED /* TabBarViewController.swift in Sources */ = {isa = PBXBuildFile; fileRef = A2CB3EE72B1BB80D007478ED /* TabBarViewController.swift */; };
		A2CB3EEC2B1BBB2E007478ED /* SLogogutViewController.swift in Sources */ = {isa = PBXBuildFile; fileRef = A2CB3EEB2B1BBB2E007478ED /* SLogogutViewController.swift */; };
		A2CB3EEE2B1BBD86007478ED /* SDismissViewController.swift in Sources */ = {isa = PBXBuildFile; fileRef = A2CB3EED2B1BBD86007478ED /* SDismissViewController.swift */; };
		A2CB3EF02B1BBE6C007478ED /* SLastViewController.swift in Sources */ = {isa = PBXBuildFile; fileRef = A2CB3EEF2B1BBE6C007478ED /* SLastViewController.swift */; };
		A2CB3EF22B1BBFF0007478ED /* MainNavigationViewController.swift in Sources */ = {isa = PBXBuildFile; fileRef = A2CB3EF12B1BBFF0007478ED /* MainNavigationViewController.swift */; };
/* End PBXBuildFile section */

/* Begin PBXFileReference section */
		A28AF97B2B28D8AC004F0225 /* Core.storyboard */ = {isa = PBXFileReference; lastKnownFileType = file.storyboard; path = Core.storyboard; sourceTree = "<group>"; };
		A2CB3EAA2B191BF3007478ED /* L2.app */ = {isa = PBXFileReference; explicitFileType = wrapper.application; includeInIndex = 0; path = L2.app; sourceTree = BUILT_PRODUCTS_DIR; };
		A2CB3EAD2B191BF3007478ED /* AppDelegate.swift */ = {isa = PBXFileReference; lastKnownFileType = sourcecode.swift; path = AppDelegate.swift; sourceTree = "<group>"; };
		A2CB3EAF2B191BF3007478ED /* SceneDelegate.swift */ = {isa = PBXFileReference; lastKnownFileType = sourcecode.swift; path = SceneDelegate.swift; sourceTree = "<group>"; };
		A2CB3EB12B191BF3007478ED /* MainViewController.swift */ = {isa = PBXFileReference; lastKnownFileType = sourcecode.swift; path = MainViewController.swift; sourceTree = "<group>"; };
		A2CB3EB62B191BF4007478ED /* Assets.xcassets */ = {isa = PBXFileReference; lastKnownFileType = folder.assetcatalog; path = Assets.xcassets; sourceTree = "<group>"; };
		A2CB3EB92B191BF4007478ED /* Base */ = {isa = PBXFileReference; lastKnownFileType = file.storyboard; name = Base; path = Base.lproj/LaunchScreen.storyboard; sourceTree = "<group>"; };
		A2CB3EBB2B191BF4007478ED /* Info.plist */ = {isa = PBXFileReference; lastKnownFileType = text.plist.xml; path = Info.plist; sourceTree = "<group>"; };
		A2CB3EC42B1923B4007478ED /* LoginViewController.swift */ = {isa = PBXFileReference; lastKnownFileType = sourcecode.swift; path = LoginViewController.swift; sourceTree = "<group>"; };
		A2CB3EC72B19257E007478ED /* Button.swift */ = {isa = PBXFileReference; lastKnownFileType = sourcecode.swift; path = Button.swift; sourceTree = "<group>"; };
		A2CB3EC92B192BD5007478ED /* LogoutViewController.swift */ = {isa = PBXFileReference; lastKnownFileType = sourcecode.swift; path = LogoutViewController.swift; sourceTree = "<group>"; };
		A2CB3ECB2B19AED6007478ED /* MiddleViewController.swift */ = {isa = PBXFileReference; lastKnownFileType = sourcecode.swift; path = MiddleViewController.swift; sourceTree = "<group>"; };
		A2CB3ECD2B19AF08007478ED /* LastViewController.swift */ = {isa = PBXFileReference; lastKnownFileType = sourcecode.swift; path = LastViewController.swift; sourceTree = "<group>"; };
		A2CB3EDC2B1A486B007478ED /* DismissViewController.swift */ = {isa = PBXFileReference; lastKnownFileType = sourcecode.swift; path = DismissViewController.swift; sourceTree = "<group>"; };
		A2CB3EDF2B1A5DB0007478ED /* Constants.swift */ = {isa = PBXFileReference; lastKnownFileType = sourcecode.swift; path = Constants.swift; sourceTree = "<group>"; };
		A2CB3EE22B1A668F007478ED /* Main.storyboard */ = {isa = PBXFileReference; lastKnownFileType = file.storyboard; path = Main.storyboard; sourceTree = "<group>"; };
		A2CB3EE72B1BB80D007478ED /* TabBarViewController.swift */ = {isa = PBXFileReference; lastKnownFileType = sourcecode.swift; path = TabBarViewController.swift; sourceTree = "<group>"; };
		A2CB3EEB2B1BBB2E007478ED /* SLogogutViewController.swift */ = {isa = PBXFileReference; lastKnownFileType = sourcecode.swift; path = SLogogutViewController.swift; sourceTree = "<group>"; };
		A2CB3EED2B1BBD86007478ED /* SDismissViewController.swift */ = {isa = PBXFileReference; lastKnownFileType = sourcecode.swift; path = SDismissViewController.swift; sourceTree = "<group>"; };
		A2CB3EEF2B1BBE6C007478ED /* SLastViewController.swift */ = {isa = PBXFileReference; lastKnownFileType = sourcecode.swift; path = SLastViewController.swift; sourceTree = "<group>"; };
		A2CB3EF12B1BBFF0007478ED /* MainNavigationViewController.swift */ = {isa = PBXFileReference; lastKnownFileType = sourcecode.swift; path = MainNavigationViewController.swift; sourceTree = "<group>"; };
/* End PBXFileReference section */

/* Begin PBXFrameworksBuildPhase section */
		A2CB3EA72B191BF3007478ED /* Frameworks */ = {
			isa = PBXFrameworksBuildPhase;
			buildActionMask = 2147483647;
			files = (
			);
			runOnlyForDeploymentPostprocessing = 0;
		};
/* End PBXFrameworksBuildPhase section */

/* Begin PBXGroup section */
		A2CB3EA12B191BF3007478ED = {
			isa = PBXGroup;
			children = (
				A2CB3EAC2B191BF3007478ED /* L2 */,
				A2CB3EAB2B191BF3007478ED /* Products */,
			);
			sourceTree = "<group>";
		};
		A2CB3EAB2B191BF3007478ED /* Products */ = {
			isa = PBXGroup;
			children = (
				A2CB3EAA2B191BF3007478ED /* L2.app */,
			);
			name = Products;
			sourceTree = "<group>";
		};
		A2CB3EAC2B191BF3007478ED /* L2 */ = {
			isa = PBXGroup;
			children = (
				A2CB3EE42B1A70EB007478ED /* StoryboardViewControllers */,
				A2CB3EE12B1A6531007478ED /* Storyboards */,
				A2CB3EDE2B1A5D9E007478ED /* Unitilies */,
				A2CB3EC12B191C11007478ED /* Views */,
				A2CB3EC62B192564007478ED /* UIComponents */,
				A2CB3EAD2B191BF3007478ED /* AppDelegate.swift */,
				A2CB3EAF2B191BF3007478ED /* SceneDelegate.swift */,
				A2CB3EB62B191BF4007478ED /* Assets.xcassets */,
				A2CB3EB82B191BF4007478ED /* LaunchScreen.storyboard */,
				A2CB3EBB2B191BF4007478ED /* Info.plist */,
			);
			path = L2;
			sourceTree = "<group>";
		};
		A2CB3EC12B191C11007478ED /* Views */ = {
			isa = PBXGroup;
			children = (
				A2CB3EB12B191BF3007478ED /* MainViewController.swift */,
				A2CB3EC42B1923B4007478ED /* LoginViewController.swift */,
				A2CB3EC92B192BD5007478ED /* LogoutViewController.swift */,
				A2CB3ECB2B19AED6007478ED /* MiddleViewController.swift */,
				A2CB3ECD2B19AF08007478ED /* LastViewController.swift */,
				A2CB3EDC2B1A486B007478ED /* DismissViewController.swift */,
			);
			path = Views;
			sourceTree = "<group>";
		};
		A2CB3EC62B192564007478ED /* UIComponents */ = {
			isa = PBXGroup;
			children = (
				A2CB3EC72B19257E007478ED /* Button.swift */,
			);
			path = UIComponents;
			sourceTree = "<group>";
		};
		A2CB3EDE2B1A5D9E007478ED /* Unitilies */ = {
			isa = PBXGroup;
			children = (
				A2CB3EDF2B1A5DB0007478ED /* Constants.swift */,
			);
			path = Unitilies;
			sourceTree = "<group>";
		};
		A2CB3EE12B1A6531007478ED /* Storyboards */ = {
			isa = PBXGroup;
			children = (
				A2CB3EE22B1A668F007478ED /* Main.storyboard */,
				A28AF97B2B28D8AC004F0225 /* Core.storyboard */,
			);
			path = Storyboards;
			sourceTree = "<group>";
		};
		A2CB3EE42B1A70EB007478ED /* StoryboardViewControllers */ = {
			isa = PBXGroup;
			children = (
				A2CB3EE72B1BB80D007478ED /* TabBarViewController.swift */,
				A2CB3EEB2B1BBB2E007478ED /* SLogogutViewController.swift */,
				A2CB3EED2B1BBD86007478ED /* SDismissViewController.swift */,
				A2CB3EEF2B1BBE6C007478ED /* SLastViewController.swift */,
				A2CB3EF12B1BBFF0007478ED /* MainNavigationViewController.swift */,
			);
			path = StoryboardViewControllers;
			sourceTree = "<group>";
		};
/* End PBXGroup section */

/* Begin PBXNativeTarget section */
		A2CB3EA92B191BF3007478ED /* L2 */ = {
			isa = PBXNativeTarget;
			buildConfigurationList = A2CB3EBE2B191BF4007478ED /* Build configuration list for PBXNativeTarget "L2" */;
			buildPhases = (
				A2CB3EA62B191BF3007478ED /* Sources */,
				A2CB3EA72B191BF3007478ED /* Frameworks */,
				A2CB3EA82B191BF3007478ED /* Resources */,
			);
			buildRules = (
			);
			dependencies = (
			);
			name = L2;
			productName = L2;
			productReference = A2CB3EAA2B191BF3007478ED /* L2.app */;
			productType = "com.apple.product-type.application";
		};
/* End PBXNativeTarget section */

/* Begin PBXProject section */
		A2CB3EA22B191BF3007478ED /* Project object */ = {
			isa = PBXProject;
			attributes = {
				BuildIndependentTargetsInParallel = 1;
				LastSwiftUpdateCheck = 1500;
				LastUpgradeCheck = 1500;
				TargetAttributes = {
					A2CB3EA92B191BF3007478ED = {
						CreatedOnToolsVersion = 15.0.1;
					};
				};
			};
			buildConfigurationList = A2CB3EA52B191BF3007478ED /* Build configuration list for PBXProject "L2" */;
			compatibilityVersion = "Xcode 14.0";
			developmentRegion = en;
			hasScannedForEncodings = 0;
			knownRegions = (
				en,
				Base,
			);
			mainGroup = A2CB3EA12B191BF3007478ED;
			productRefGroup = A2CB3EAB2B191BF3007478ED /* Products */;
			projectDirPath = "";
			projectRoot = "";
			targets = (
				A2CB3EA92B191BF3007478ED /* L2 */,
			);
		};
/* End PBXProject section */

/* Begin PBXResourcesBuildPhase section */
		A2CB3EA82B191BF3007478ED /* Resources */ = {
			isa = PBXResourcesBuildPhase;
			buildActionMask = 2147483647;
			files = (
				A2CB3EE32B1A668F007478ED /* Main.storyboard in Resources */,
				A2CB3EBA2B191BF4007478ED /* LaunchScreen.storyboard in Resources */,
				A2CB3EB72B191BF4007478ED /* Assets.xcassets in Resources */,
				A28AF97C2B28D8AC004F0225 /* Core.storyboard in Resources */,
			);
			runOnlyForDeploymentPostprocessing = 0;
		};
/* End PBXResourcesBuildPhase section */

/* Begin PBXSourcesBuildPhase section */
		A2CB3EA62B191BF3007478ED /* Sources */ = {
			isa = PBXSourcesBuildPhase;
			buildActionMask = 2147483647;
			files = (
				A2CB3EC82B19257E007478ED /* Button.swift in Sources */,
				A2CB3EB22B191BF3007478ED /* MainViewController.swift in Sources */,
				A2CB3ECA2B192BD5007478ED /* LogoutViewController.swift in Sources */,
				A2CB3ECC2B19AED6007478ED /* MiddleViewController.swift in Sources */,
				A2CB3ECE2B19AF08007478ED /* LastViewController.swift in Sources */,
				A2CB3EEC2B1BBB2E007478ED /* SLogogutViewController.swift in Sources */,
				A2CB3EF02B1BBE6C007478ED /* SLastViewController.swift in Sources */,
				A2CB3EEE2B1BBD86007478ED /* SDismissViewController.swift in Sources */,
				A2CB3EF22B1BBFF0007478ED /* MainNavigationViewController.swift in Sources */,
				A2CB3EE02B1A5DB0007478ED /* Constants.swift in Sources */,
				A2CB3EAE2B191BF3007478ED /* AppDelegate.swift in Sources */,
				A2CB3EC52B1923B4007478ED /* LoginViewController.swift in Sources */,
				A2CB3EDD2B1A486B007478ED /* DismissViewController.swift in Sources */,
				A2CB3EE82B1BB80D007478ED /* TabBarViewController.swift in Sources */,
				A2CB3EB02B191BF3007478ED /* SceneDelegate.swift in Sources */,
			);
			runOnlyForDeploymentPostprocessing = 0;
		};
/* End PBXSourcesBuildPhase section */

/* Begin PBXVariantGroup section */
		A2CB3EB82B191BF4007478ED /* LaunchScreen.storyboard */ = {
			isa = PBXVariantGroup;
			children = (
				A2CB3EB92B191BF4007478ED /* Base */,
			);
			name = LaunchScreen.storyboard;
			sourceTree = "<group>";
		};
/* End PBXVariantGroup section */

/* Begin XCBuildConfiguration section */
		A2CB3EBC2B191BF4007478ED /* Debug */ = {
			isa = XCBuildConfiguration;
			buildSettings = {
				ALWAYS_SEARCH_USER_PATHS = NO;
				ASSETCATALOG_COMPILER_GENERATE_SWIFT_ASSET_SYMBOL_EXTENSIONS = YES;
				CLANG_ANALYZER_NONNULL = YES;
				CLANG_ANALYZER_NUMBER_OBJECT_CONVERSION = YES_AGGRESSIVE;
				CLANG_CXX_LANGUAGE_STANDARD = "gnu++20";
				CLANG_ENABLE_MODULES = YES;
				CLANG_ENABLE_OBJC_ARC = YES;
				CLANG_ENABLE_OBJC_WEAK = YES;
				CLANG_WARN_BLOCK_CAPTURE_AUTORELEASING = YES;
				CLANG_WARN_BOOL_CONVERSION = YES;
				CLANG_WARN_COMMA = YES;
				CLANG_WARN_CONSTANT_CONVERSION = YES;
				CLANG_WARN_DEPRECATED_OBJC_IMPLEMENTATIONS = YES;
				CLANG_WARN_DIRECT_OBJC_ISA_USAGE = YES_ERROR;
				CLANG_WARN_DOCUMENTATION_COMMENTS = YES;
				CLANG_WARN_EMPTY_BODY = YES;
				CLANG_WARN_ENUM_CONVERSION = YES;
				CLANG_WARN_INFINITE_RECURSION = YES;
				CLANG_WARN_INT_CONVERSION = YES;
				CLANG_WARN_NON_LITERAL_NULL_CONVERSION = YES;
				CLANG_WARN_OBJC_IMPLICIT_RETAIN_SELF = YES;
				CLANG_WARN_OBJC_LITERAL_CONVERSION = YES;
				CLANG_WARN_OBJC_ROOT_CLASS = YES_ERROR;
				CLANG_WARN_QUOTED_INCLUDE_IN_FRAMEWORK_HEADER = YES;
				CLANG_WARN_RANGE_LOOP_ANALYSIS = YES;
				CLANG_WARN_STRICT_PROTOTYPES = YES;
				CLANG_WARN_SUSPICIOUS_MOVE = YES;
				CLANG_WARN_UNGUARDED_AVAILABILITY = YES_AGGRESSIVE;
				CLANG_WARN_UNREACHABLE_CODE = YES;
				CLANG_WARN__DUPLICATE_METHOD_MATCH = YES;
				COPY_PHASE_STRIP = NO;
				DEBUG_INFORMATION_FORMAT = dwarf;
				ENABLE_STRICT_OBJC_MSGSEND = YES;
				ENABLE_TESTABILITY = YES;
				ENABLE_USER_SCRIPT_SANDBOXING = YES;
				GCC_C_LANGUAGE_STANDARD = gnu17;
				GCC_DYNAMIC_NO_PIC = NO;
				GCC_NO_COMMON_BLOCKS = YES;
				GCC_OPTIMIZATION_LEVEL = 0;
				GCC_PREPROCESSOR_DEFINITIONS = (
					"DEBUG=1",
					"$(inherited)",
				);
				GCC_WARN_64_TO_32_BIT_CONVERSION = YES;
				GCC_WARN_ABOUT_RETURN_TYPE = YES_ERROR;
				GCC_WARN_UNDECLARED_SELECTOR = YES;
				GCC_WARN_UNINITIALIZED_AUTOS = YES_AGGRESSIVE;
				GCC_WARN_UNUSED_FUNCTION = YES;
				GCC_WARN_UNUSED_VARIABLE = YES;
				IPHONEOS_DEPLOYMENT_TARGET = 17.0;
				LOCALIZATION_PREFERS_STRING_CATALOGS = YES;
				MTL_ENABLE_DEBUG_INFO = INCLUDE_SOURCE;
				MTL_FAST_MATH = YES;
				ONLY_ACTIVE_ARCH = YES;
				SDKROOT = iphoneos;
				SWIFT_ACTIVE_COMPILATION_CONDITIONS = "DEBUG $(inherited)";
				SWIFT_OPTIMIZATION_LEVEL = "-Onone";
			};
			name = Debug;
		};
		A2CB3EBD2B191BF4007478ED /* Release */ = {
			isa = XCBuildConfiguration;
			buildSettings = {
				ALWAYS_SEARCH_USER_PATHS = NO;
				ASSETCATALOG_COMPILER_GENERATE_SWIFT_ASSET_SYMBOL_EXTENSIONS = YES;
				CLANG_ANALYZER_NONNULL = YES;
				CLANG_ANALYZER_NUMBER_OBJECT_CONVERSION = YES_AGGRESSIVE;
				CLANG_CXX_LANGUAGE_STANDARD = "gnu++20";
				CLANG_ENABLE_MODULES = YES;
				CLANG_ENABLE_OBJC_ARC = YES;
				CLANG_ENABLE_OBJC_WEAK = YES;
				CLANG_WARN_BLOCK_CAPTURE_AUTORELEASING = YES;
				CLANG_WARN_BOOL_CONVERSION = YES;
				CLANG_WARN_COMMA = YES;
				CLANG_WARN_CONSTANT_CONVERSION = YES;
				CLANG_WARN_DEPRECATED_OBJC_IMPLEMENTATIONS = YES;
				CLANG_WARN_DIRECT_OBJC_ISA_USAGE = YES_ERROR;
				CLANG_WARN_DOCUMENTATION_COMMENTS = YES;
				CLANG_WARN_EMPTY_BODY = YES;
				CLANG_WARN_ENUM_CONVERSION = YES;
				CLANG_WARN_INFINITE_RECURSION = YES;
				CLANG_WARN_INT_CONVERSION = YES;
				CLANG_WARN_NON_LITERAL_NULL_CONVERSION = YES;
				CLANG_WARN_OBJC_IMPLICIT_RETAIN_SELF = YES;
				CLANG_WARN_OBJC_LITERAL_CONVERSION = YES;
				CLANG_WARN_OBJC_ROOT_CLASS = YES_ERROR;
				CLANG_WARN_QUOTED_INCLUDE_IN_FRAMEWORK_HEADER = YES;
				CLANG_WARN_RANGE_LOOP_ANALYSIS = YES;
				CLANG_WARN_STRICT_PROTOTYPES = YES;
				CLANG_WARN_SUSPICIOUS_MOVE = YES;
				CLANG_WARN_UNGUARDED_AVAILABILITY = YES_AGGRESSIVE;
				CLANG_WARN_UNREACHABLE_CODE = YES;
				CLANG_WARN__DUPLICATE_METHOD_MATCH = YES;
				COPY_PHASE_STRIP = NO;
				DEBUG_INFORMATION_FORMAT = "dwarf-with-dsym";
				ENABLE_NS_ASSERTIONS = NO;
				ENABLE_STRICT_OBJC_MSGSEND = YES;
				ENABLE_USER_SCRIPT_SANDBOXING = YES;
				GCC_C_LANGUAGE_STANDARD = gnu17;
				GCC_NO_COMMON_BLOCKS = YES;
				GCC_WARN_64_TO_32_BIT_CONVERSION = YES;
				GCC_WARN_ABOUT_RETURN_TYPE = YES_ERROR;
				GCC_WARN_UNDECLARED_SELECTOR = YES;
				GCC_WARN_UNINITIALIZED_AUTOS = YES_AGGRESSIVE;
				GCC_WARN_UNUSED_FUNCTION = YES;
				GCC_WARN_UNUSED_VARIABLE = YES;
				IPHONEOS_DEPLOYMENT_TARGET = 17.0;
				LOCALIZATION_PREFERS_STRING_CATALOGS = YES;
				MTL_ENABLE_DEBUG_INFO = NO;
				MTL_FAST_MATH = YES;
				SDKROOT = iphoneos;
				SWIFT_COMPILATION_MODE = wholemodule;
				VALIDATE_PRODUCT = YES;
			};
			name = Release;
		};
		A2CB3EBF2B191BF4007478ED /* Debug */ = {
			isa = XCBuildConfiguration;
			buildSettings = {
				ASSETCATALOG_COMPILER_APPICON_NAME = AppIcon;
				ASSETCATALOG_COMPILER_GLOBAL_ACCENT_COLOR_NAME = AccentColor;
				CODE_SIGN_STYLE = Automatic;
				CURRENT_PROJECT_VERSION = 1;
				DEVELOPMENT_TEAM = 753X82YC53;
				GENERATE_INFOPLIST_FILE = YES;
				INFOPLIST_FILE = L2/Info.plist;
				INFOPLIST_KEY_UIApplicationSupportsIndirectInputEvents = YES;
				INFOPLIST_KEY_UILaunchStoryboardName = Main.storyboard;
				INFOPLIST_KEY_UISupportedInterfaceOrientations_iPad = "UIInterfaceOrientationPortrait UIInterfaceOrientationPortraitUpsideDown UIInterfaceOrientationLandscapeLeft UIInterfaceOrientationLandscapeRight";
				INFOPLIST_KEY_UISupportedInterfaceOrientations_iPhone = "UIInterfaceOrientationPortrait UIInterfaceOrientationLandscapeLeft UIInterfaceOrientationLandscapeRight";
				LD_RUNPATH_SEARCH_PATHS = (
					"$(inherited)",
					"@executable_path/Frameworks",
				);
				MARKETING_VERSION = 1.0;
				PRODUCT_BUNDLE_IDENTIFIER = com.andriikuznietsov.L2;
				PRODUCT_NAME = "$(TARGET_NAME)";
				SWIFT_EMIT_LOC_STRINGS = YES;
				SWIFT_VERSION = 5.0;
				TARGETED_DEVICE_FAMILY = "1,2";
			};
			name = Debug;
		};
		A2CB3EC02B191BF4007478ED /* Release */ = {
			isa = XCBuildConfiguration;
			buildSettings = {
				ASSETCATALOG_COMPILER_APPICON_NAME = AppIcon;
				ASSETCATALOG_COMPILER_GLOBAL_ACCENT_COLOR_NAME = AccentColor;
				CODE_SIGN_STYLE = Automatic;
				CURRENT_PROJECT_VERSION = 1;
				DEVELOPMENT_TEAM = 753X82YC53;
				GENERATE_INFOPLIST_FILE = YES;
				INFOPLIST_FILE = L2/Info.plist;
				INFOPLIST_KEY_UIApplicationSupportsIndirectInputEvents = YES;
				INFOPLIST_KEY_UILaunchStoryboardName = Main.storyboard;
				INFOPLIST_KEY_UISupportedInterfaceOrientations_iPad = "UIInterfaceOrientationPortrait UIInterfaceOrientationPortraitUpsideDown UIInterfaceOrientationLandscapeLeft UIInterfaceOrientationLandscapeRight";
				INFOPLIST_KEY_UISupportedInterfaceOrientations_iPhone = "UIInterfaceOrientationPortrait UIInterfaceOrientationLandscapeLeft UIInterfaceOrientationLandscapeRight";
				LD_RUNPATH_SEARCH_PATHS = (
					"$(inherited)",
					"@executable_path/Frameworks",
				);
				MARKETING_VERSION = 1.0;
				PRODUCT_BUNDLE_IDENTIFIER = com.andriikuznietsov.L2;
				PRODUCT_NAME = "$(TARGET_NAME)";
				SWIFT_EMIT_LOC_STRINGS = YES;
				SWIFT_VERSION = 5.0;
				TARGETED_DEVICE_FAMILY = "1,2";
			};
			name = Release;
		};
/* End XCBuildConfiguration section */

/* Begin XCConfigurationList section */
		A2CB3EA52B191BF3007478ED /* Build configuration list for PBXProject "L2" */ = {
			isa = XCConfigurationList;
			buildConfigurations = (
				A2CB3EBC2B191BF4007478ED /* Debug */,
				A2CB3EBD2B191BF4007478ED /* Release */,
			);
			defaultConfigurationIsVisible = 0;
			defaultConfigurationName = Release;
		};
		A2CB3EBE2B191BF4007478ED /* Build configuration list for PBXNativeTarget "L2" */ = {
			isa = XCConfigurationList;
			buildConfigurations = (
				A2CB3EBF2B191BF4007478ED /* Debug */,
				A2CB3EC02B191BF4007478ED /* Release */,
			);
			defaultConfigurationIsVisible = 0;
			defaultConfigurationName = Release;
		};
/* End XCConfigurationList section */
	};
	rootObject = A2CB3EA22B191BF3007478ED /* Project object */;
}
